// !$*UTF8*$!
{
	archiveVersion = 1;
	classes = {
	};
	objectVersion = 46;
	objects = {

/* Begin PBXBuildFile section */
		4DFE068B1E82D03C00E853AB /* main.m in Sources */ = {isa = PBXBuildFile; fileRef = 4DFE068A1E82D03C00E853AB /* main.m */; };
		4DFE068E1E82D03C00E853AB /* AppDelegate.m in Sources */ = {isa = PBXBuildFile; fileRef = 4DFE068D1E82D03C00E853AB /* AppDelegate.m */; };
		4DFE06911E82D03C00E853AB /* ViewController.m in Sources */ = {isa = PBXBuildFile; fileRef = 4DFE06901E82D03C00E853AB /* ViewController.m */; };
		4DFE06941E82D03C00E853AB /* Main.storyboard in Resources */ = {isa = PBXBuildFile; fileRef = 4DFE06921E82D03C00E853AB /* Main.storyboard */; };
		4DFE06961E82D03C00E853AB /* Assets.xcassets in Resources */ = {isa = PBXBuildFile; fileRef = 4DFE06951E82D03C00E853AB /* Assets.xcassets */; };
		4DFE06991E82D03C00E853AB /* LaunchScreen.storyboard in Resources */ = {isa = PBXBuildFile; fileRef = 4DFE06971E82D03C00E853AB /* LaunchScreen.storyboard */; };
		4DFE06A41E82D03C00E853AB /* ____Tests.m in Sources */ = {isa = PBXBuildFile; fileRef = 4DFE06A31E82D03C00E853AB /* ____Tests.m */; };
		4DFE06AF1E82D03C00E853AB /* ____UITests.m in Sources */ = {isa = PBXBuildFile; fileRef = 4DFE06AE1E82D03C00E853AB /* ____UITests.m */; };
		4DFE06BE1E82D08B00E853AB /* FirstViewController.m in Sources */ = {isa = PBXBuildFile; fileRef = 4DFE06BD1E82D08B00E853AB /* FirstViewController.m */; };
/* End PBXBuildFile section */

/* Begin PBXContainerItemProxy section */
		4DFE06A01E82D03C00E853AB /* PBXContainerItemProxy */ = {
			isa = PBXContainerItemProxy;
			containerPortal = 4DFE067E1E82D03B00E853AB /* Project object */;
			proxyType = 1;
			remoteGlobalIDString = 4DFE06851E82D03C00E853AB;
			remoteInfo = "约束相关";
		};
		4DFE06AB1E82D03C00E853AB /* PBXContainerItemProxy */ = {
			isa = PBXContainerItemProxy;
			containerPortal = 4DFE067E1E82D03B00E853AB /* Project object */;
			proxyType = 1;
			remoteGlobalIDString = 4DFE06851E82D03C00E853AB;
			remoteInfo = "约束相关";
		};
/* End PBXContainerItemProxy section */

/* Begin PBXFileReference section */
		4DFE06861E82D03C00E853AB /* 约束相关.app */ = {isa = PBXFileReference; explicitFileType = wrapper.application; includeInIndex = 0; path = "约束相关.app"; sourceTree = BUILT_PRODUCTS_DIR; };
		4DFE068A1E82D03C00E853AB /* main.m */ = {isa = PBXFileReference; lastKnownFileType = sourcecode.c.objc; path = main.m; sourceTree = "<group>"; };
		4DFE068C1E82D03C00E853AB /* AppDelegate.h */ = {isa = PBXFileReference; lastKnownFileType = sourcecode.c.h; path = AppDelegate.h; sourceTree = "<group>"; };
		4DFE068D1E82D03C00E853AB /* AppDelegate.m */ = {isa = PBXFileReference; lastKnownFileType = sourcecode.c.objc; path = AppDelegate.m; sourceTree = "<group>"; };
		4DFE068F1E82D03C00E853AB /* ViewController.h */ = {isa = PBXFileReference; lastKnownFileType = sourcecode.c.h; path = ViewController.h; sourceTree = "<group>"; };
		4DFE06901E82D03C00E853AB /* ViewController.m */ = {isa = PBXFileReference; lastKnownFileType = sourcecode.c.objc; path = ViewController.m; sourceTree = "<group>"; };
		4DFE06931E82D03C00E853AB /* Base */ = {isa = PBXFileReference; lastKnownFileType = file.storyboard; name = Base; path = Base.lproj/Main.storyboard; sourceTree = "<group>"; };
		4DFE06951E82D03C00E853AB /* Assets.xcassets */ = {isa = PBXFileReference; lastKnownFileType = folder.assetcatalog; path = Assets.xcassets; sourceTree = "<group>"; };
		4DFE06981E82D03C00E853AB /* Base */ = {isa = PBXFileReference; lastKnownFileType = file.storyboard; name = Base; path = Base.lproj/LaunchScreen.storyboard; sourceTree = "<group>"; };
		4DFE069A1E82D03C00E853AB /* Info.plist */ = {isa = PBXFileReference; lastKnownFileType = text.plist.xml; path = Info.plist; sourceTree = "<group>"; };
		4DFE069F1E82D03C00E853AB /* 约束相关Tests.xctest */ = {isa = PBXFileReference; explicitFileType = wrapper.cfbundle; includeInIndex = 0; path = "约束相关Tests.xctest"; sourceTree = BUILT_PRODUCTS_DIR; };
		4DFE06A31E82D03C00E853AB /* ____Tests.m */ = {isa = PBXFileReference; lastKnownFileType = sourcecode.c.objc; path = "____Tests.m"; sourceTree = "<group>"; };
		4DFE06A51E82D03C00E853AB /* Info.plist */ = {isa = PBXFileReference; lastKnownFileType = text.plist.xml; path = Info.plist; sourceTree = "<group>"; };
		4DFE06AA1E82D03C00E853AB /* 约束相关UITests.xctest */ = {isa = PBXFileReference; explicitFileType = wrapper.cfbundle; includeInIndex = 0; path = "约束相关UITests.xctest"; sourceTree = BUILT_PRODUCTS_DIR; };
		4DFE06AE1E82D03C00E853AB /* ____UITests.m */ = {isa = PBXFileReference; lastKnownFileType = sourcecode.c.objc; path = "____UITests.m"; sourceTree = "<group>"; };
		4DFE06B01E82D03C00E853AB /* Info.plist */ = {isa = PBXFileReference; lastKnownFileType = text.plist.xml; path = Info.plist; sourceTree = "<group>"; };
		4DFE06BC1E82D08B00E853AB /* FirstViewController.h */ = {isa = PBXFileReference; fileEncoding = 4; lastKnownFileType = sourcecode.c.h; path = FirstViewController.h; sourceTree = "<group>"; };
		4DFE06BD1E82D08B00E853AB /* FirstViewController.m */ = {isa = PBXFileReference; fileEncoding = 4; lastKnownFileType = sourcecode.c.objc; path = FirstViewController.m; sourceTree = "<group>"; };
/* End PBXFileReference section */

/* Begin PBXFrameworksBuildPhase section */
		4DFE06831E82D03C00E853AB /* Frameworks */ = {
			isa = PBXFrameworksBuildPhase;
			buildActionMask = 2147483647;
			files = (
			);
			runOnlyForDeploymentPostprocessing = 0;
		};
		4DFE069C1E82D03C00E853AB /* Frameworks */ = {
			isa = PBXFrameworksBuildPhase;
			buildActionMask = 2147483647;
			files = (
			);
			runOnlyForDeploymentPostprocessing = 0;
		};
		4DFE06A71E82D03C00E853AB /* Frameworks */ = {
			isa = PBXFrameworksBuildPhase;
			buildActionMask = 2147483647;
			files = (
			);
			runOnlyForDeploymentPostprocessing = 0;
		};
/* End PBXFrameworksBuildPhase section */

/* Begin PBXGroup section */
		4DFE067D1E82D03B00E853AB = {
			isa = PBXGroup;
			children = (
				4DFE06881E82D03C00E853AB /* 约束相关 */,
				4DFE06A21E82D03C00E853AB /* 约束相关Tests */,
				4DFE06AD1E82D03C00E853AB /* 约束相关UITests */,
				4DFE06871E82D03C00E853AB /* Products */,
			);
			sourceTree = "<group>";
		};
		4DFE06871E82D03C00E853AB /* Products */ = {
			isa = PBXGroup;
			children = (
				4DFE06861E82D03C00E853AB /* 约束相关.app */,
				4DFE069F1E82D03C00E853AB /* 约束相关Tests.xctest */,
				4DFE06AA1E82D03C00E853AB /* 约束相关UITests.xctest */,
			);
			name = Products;
			sourceTree = "<group>";
		};
		4DFE06881E82D03C00E853AB /* 约束相关 */ = {
			isa = PBXGroup;
			children = (
				4DFE068C1E82D03C00E853AB /* AppDelegate.h */,
				4DFE068D1E82D03C00E853AB /* AppDelegate.m */,
				4DFE068F1E82D03C00E853AB /* ViewController.h */,
				4DFE06901E82D03C00E853AB /* ViewController.m */,
				4DFE06921E82D03C00E853AB /* Main.storyboard */,
				4DFE06951E82D03C00E853AB /* Assets.xcassets */,
				4DFE06971E82D03C00E853AB /* LaunchScreen.storyboard */,
				4DFE069A1E82D03C00E853AB /* Info.plist */,
				4DFE06891E82D03C00E853AB /* Supporting Files */,
				4DFE06BC1E82D08B00E853AB /* FirstViewController.h */,
				4DFE06BD1E82D08B00E853AB /* FirstViewController.m */,
			);
			path = "约束相关";
			sourceTree = "<group>";
		};
		4DFE06891E82D03C00E853AB /* Supporting Files */ = {
			isa = PBXGroup;
			children = (
				4DFE068A1E82D03C00E853AB /* main.m */,
			);
			name = "Supporting Files";
			sourceTree = "<group>";
		};
		4DFE06A21E82D03C00E853AB /* 约束相关Tests */ = {
			isa = PBXGroup;
			children = (
				4DFE06A31E82D03C00E853AB /* ____Tests.m */,
				4DFE06A51E82D03C00E853AB /* Info.plist */,
			);
			path = "约束相关Tests";
			sourceTree = "<group>";
		};
		4DFE06AD1E82D03C00E853AB /* 约束相关UITests */ = {
			isa = PBXGroup;
			children = (
				4DFE06AE1E82D03C00E853AB /* ____UITests.m */,
				4DFE06B01E82D03C00E853AB /* Info.plist */,
			);
			path = "约束相关UITests";
			sourceTree = "<group>";
		};
/* End PBXGroup section */

/* Begin PBXNativeTarget section */
		4DFE06851E82D03C00E853AB /* 约束相关 */ = {
			isa = PBXNativeTarget;
			buildConfigurationList = 4DFE06B31E82D03C00E853AB /* Build configuration list for PBXNativeTarget "约束相关" */;
			buildPhases = (
				4DFE06821E82D03C00E853AB /* Sources */,
				4DFE06831E82D03C00E853AB /* Frameworks */,
				4DFE06841E82D03C00E853AB /* Resources */,
			);
			buildRules = (
			);
			dependencies = (
			);
			name = "约束相关";
			productName = "约束相关";
			productReference = 4DFE06861E82D03C00E853AB /* 约束相关.app */;
			productType = "com.apple.product-type.application";
		};
		4DFE069E1E82D03C00E853AB /* 约束相关Tests */ = {
			isa = PBXNativeTarget;
			buildConfigurationList = 4DFE06B61E82D03C00E853AB /* Build configuration list for PBXNativeTarget "约束相关Tests" */;
			buildPhases = (
				4DFE069B1E82D03C00E853AB /* Sources */,
				4DFE069C1E82D03C00E853AB /* Frameworks */,
				4DFE069D1E82D03C00E853AB /* Resources */,
			);
			buildRules = (
			);
			dependencies = (
				4DFE06A11E82D03C00E853AB /* PBXTargetDependency */,
			);
			name = "约束相关Tests";
			productName = "约束相关Tests";
			productReference = 4DFE069F1E82D03C00E853AB /* 约束相关Tests.xctest */;
			productType = "com.apple.product-type.bundle.unit-test";
		};
		4DFE06A91E82D03C00E853AB /* 约束相关UITests */ = {
			isa = PBXNativeTarget;
			buildConfigurationList = 4DFE06B91E82D03C00E853AB /* Build configuration list for PBXNativeTarget "约束相关UITests" */;
			buildPhases = (
				4DFE06A61E82D03C00E853AB /* Sources */,
				4DFE06A71E82D03C00E853AB /* Frameworks */,
				4DFE06A81E82D03C00E853AB /* Resources */,
			);
			buildRules = (
			);
			dependencies = (
				4DFE06AC1E82D03C00E853AB /* PBXTargetDependency */,
			);
			name = "约束相关UITests";
			productName = "约束相关UITests";
			productReference = 4DFE06AA1E82D03C00E853AB /* 约束相关UITests.xctest */;
			productType = "com.apple.product-type.bundle.ui-testing";
		};
/* End PBXNativeTarget section */

/* Begin PBXProject section */
		4DFE067E1E82D03B00E853AB /* Project object */ = {
			isa = PBXProject;
			attributes = {
				LastUpgradeCheck = 0820;
				ORGANIZATIONNAME = huangchengdu;
				TargetAttributes = {
					4DFE06851E82D03C00E853AB = {
						CreatedOnToolsVersion = 8.2.1;
						ProvisioningStyle = Automatic;
					};
					4DFE069E1E82D03C00E853AB = {
						CreatedOnToolsVersion = 8.2.1;
						ProvisioningStyle = Automatic;
						TestTargetID = 4DFE06851E82D03C00E853AB;
					};
					4DFE06A91E82D03C00E853AB = {
						CreatedOnToolsVersion = 8.2.1;
						ProvisioningStyle = Automatic;
						TestTargetID = 4DFE06851E82D03C00E853AB;
					};
				};
			};
			buildConfigurationList = 4DFE06811E82D03B00E853AB /* Build configuration list for PBXProject "约束相关" */;
			compatibilityVersion = "Xcode 3.2";
			developmentRegion = English;
			hasScannedForEncodings = 0;
			knownRegions = (
				en,
				Base,
			);
			mainGroup = 4DFE067D1E82D03B00E853AB;
			productRefGroup = 4DFE06871E82D03C00E853AB /* Products */;
			projectDirPath = "";
			projectRoot = "";
			targets = (
				4DFE06851E82D03C00E853AB /* 约束相关 */,
				4DFE069E1E82D03C00E853AB /* 约束相关Tests */,
				4DFE06A91E82D03C00E853AB /* 约束相关UITests */,
			);
		};
/* End PBXProject section */

/* Begin PBXResourcesBuildPhase section */
		4DFE06841E82D03C00E853AB /* Resources */ = {
			isa = PBXResourcesBuildPhase;
			buildActionMask = 2147483647;
			files = (
				4DFE06991E82D03C00E853AB /* LaunchScreen.storyboard in Resources */,
				4DFE06961E82D03C00E853AB /* Assets.xcassets in Resources */,
				4DFE06941E82D03C00E853AB /* Main.storyboard in Resources */,
			);
			runOnlyForDeploymentPostprocessing = 0;
		};
		4DFE069D1E82D03C00E853AB /* Resources */ = {
			isa = PBXResourcesBuildPhase;
			buildActionMask = 2147483647;
			files = (
			);
			runOnlyForDeploymentPostprocessing = 0;
		};
		4DFE06A81E82D03C00E853AB /* Resources */ = {
			isa = PBXResourcesBuildPhase;
			buildActionMask = 2147483647;
			files = (
			);
			runOnlyForDeploymentPostprocessing = 0;
		};
/* End PBXResourcesBuildPhase section */

/* Begin PBXSourcesBuildPhase section */
		4DFE06821E82D03C00E853AB /* Sources */ = {
			isa = PBXSourcesBuildPhase;
			buildActionMask = 2147483647;
			files = (
				4DFE06911E82D03C00E853AB /* ViewController.m in Sources */,
				4DFE068E1E82D03C00E853AB /* AppDelegate.m in Sources */,
				4DFE068B1E82D03C00E853AB /* main.m in Sources */,
				4DFE06BE1E82D08B00E853AB /* FirstViewController.m in Sources */,
			);
			runOnlyForDeploymentPostprocessing = 0;
		};
		4DFE069B1E82D03C00E853AB /* Sources */ = {
			isa = PBXSourcesBuildPhase;
			buildActionMask = 2147483647;
			files = (
				4DFE06A41E82D03C00E853AB /* ____Tests.m in Sources */,
			);
			runOnlyForDeploymentPostprocessing = 0;
		};
		4DFE06A61E82D03C00E853AB /* Sources */ = {
			isa = PBXSourcesBuildPhase;
			buildActionMask = 2147483647;
			files = (
				4DFE06AF1E82D03C00E853AB /* ____UITests.m in Sources */,
			);
			runOnlyForDeploymentPostprocessing = 0;
		};
/* End PBXSourcesBuildPhase section */

/* Begin PBXTargetDependency section */
		4DFE06A11E82D03C00E853AB /* PBXTargetDependency */ = {
			isa = PBXTargetDependency;
			target = 4DFE06851E82D03C00E853AB /* 约束相关 */;
			targetProxy = 4DFE06A01E82D03C00E853AB /* PBXContainerItemProxy */;
		};
		4DFE06AC1E82D03C00E853AB /* PBXTargetDependency */ = {
			isa = PBXTargetDependency;
			target = 4DFE06851E82D03C00E853AB /* 约束相关 */;
			targetProxy = 4DFE06AB1E82D03C00E853AB /* PBXContainerItemProxy */;
		};
/* End PBXTargetDependency section */

/* Begin PBXVariantGroup section */
		4DFE06921E82D03C00E853AB /* Main.storyboard */ = {
			isa = PBXVariantGroup;
			children = (
				4DFE06931E82D03C00E853AB /* Base */,
			);
			name = Main.storyboard;
			sourceTree = "<group>";
		};
		4DFE06971E82D03C00E853AB /* LaunchScreen.storyboard */ = {
			isa = PBXVariantGroup;
			children = (
				4DFE06981E82D03C00E853AB /* Base */,
			);
			name = LaunchScreen.storyboard;
			sourceTree = "<group>";
		};
/* End PBXVariantGroup section */

/* Begin XCBuildConfiguration section */
		4DFE06B11E82D03C00E853AB /* Debug */ = {
			isa = XCBuildConfiguration;
			buildSettings = {
				ALWAYS_SEARCH_USER_PATHS = NO;
				CLANG_ANALYZER_NONNULL = YES;
				CLANG_CXX_LANGUAGE_STANDARD = "gnu++0x";
				CLANG_CXX_LIBRARY = "libc++";
				CLANG_ENABLE_MODULES = YES;
				CLANG_ENABLE_OBJC_ARC = YES;
				CLANG_WARN_BOOL_CONVERSION = YES;
				CLANG_WARN_CONSTANT_CONVERSION = YES;
				CLANG_WARN_DIRECT_OBJC_ISA_USAGE = YES_ERROR;
				CLANG_WARN_DOCUMENTATION_COMMENTS = YES;
				CLANG_WARN_EMPTY_BODY = YES;
				CLANG_WARN_ENUM_CONVERSION = YES;
				CLANG_WARN_INFINITE_RECURSION = YES;
				CLANG_WARN_INT_CONVERSION = YES;
				CLANG_WARN_OBJC_ROOT_CLASS = YES_ERROR;
				CLANG_WARN_SUSPICIOUS_MOVE = YES;
				CLANG_WARN_UNREACHABLE_CODE = YES;
				CLANG_WARN__DUPLICATE_METHOD_MATCH = YES;
				"CODE_SIGN_IDENTITY[sdk=iphoneos*]" = "iPhone Developer";
				COPY_PHASE_STRIP = NO;
				DEBUG_INFORMATION_FORMAT = dwarf;
				ENABLE_STRICT_OBJC_MSGSEND = YES;
				ENABLE_TESTABILITY = YES;
				GCC_C_LANGUAGE_STANDARD = gnu99;
				GCC_DYNAMIC_NO_PIC = NO;
				GCC_NO_COMMON_BLOCKS = YES;
				GCC_OPTIMIZATION_LEVEL = 0;
				GCC_PREPROCESSOR_DEFINITIONS = (
					"DEBUG=1",
					"$(inherited)",
				);
				GCC_WARN_64_TO_32_BIT_CONVERSION = YES;
				GCC_WARN_ABOUT_RETURN_TYPE = YES_ERROR;
				GCC_WARN_UNDECLARED_SELECTOR = YES;
				GCC_WARN_UNINITIALIZED_AUTOS = YES_AGGRESSIVE;
				GCC_WARN_UNUSED_FUNCTION = YES;
				GCC_WARN_UNUSED_VARIABLE = YES;
				IPHONEOS_DEPLOYMENT_TARGET = 10.2;
				MTL_ENABLE_DEBUG_INFO = YES;
				ONLY_ACTIVE_ARCH = YES;
				SDKROOT = iphoneos;
				TARGETED_DEVICE_FAMILY = "1,2";
			};
			name = Debug;
		};
		4DFE06B21E82D03C00E853AB /* Release */ = {
			isa = XCBuildConfiguration;
			buildSettings = {
				ALWAYS_SEARCH_USER_PATHS = NO;
				CLANG_ANALYZER_NONNULL = YES;
				CLANG_CXX_LANGUAGE_STANDARD = "gnu++0x";
				CLANG_CXX_LIBRARY = "libc++";
				CLANG_ENABLE_MODULES = YES;
				CLANG_ENABLE_OBJC_ARC = YES;
				CLANG_WARN_BOOL_CONVERSION = YES;
				CLANG_WARN_CONSTANT_CONVERSION = YES;
				CLANG_WARN_DIRECT_OBJC_ISA_USAGE = YES_ERROR;
				CLANG_WARN_DOCUMENTATION_COMMENTS = YES;
				CLANG_WARN_EMPTY_BODY = YES;
				CLANG_WARN_ENUM_CONVERSION = YES;
				CLANG_WARN_INFINITE_RECURSION = YES;
				CLANG_WARN_INT_CONVERSION = YES;
				CLANG_WARN_OBJC_ROOT_CLASS = YES_ERROR;
				CLANG_WARN_SUSPICIOUS_MOVE = YES;
				CLANG_WARN_UNREACHABLE_CODE = YES;
				CLANG_WARN__DUPLICATE_METHOD_MATCH = YES;
				"CODE_SIGN_IDENTITY[sdk=iphoneos*]" = "iPhone Developer";
				COPY_PHASE_STRIP = NO;
				DEBUG_INFORMATION_FORMAT = "dwarf-with-dsym";
				ENABLE_NS_ASSERTIONS = NO;
				ENABLE_STRICT_OBJC_MSGSEND = YES;
				GCC_C_LANGUAGE_STANDARD = gnu99;
				GCC_NO_COMMON_BLOCKS = YES;
				GCC_WARN_64_TO_32_BIT_CONVERSION = YES;
				GCC_WARN_ABOUT_RETURN_TYPE = YES_ERROR;
				GCC_WARN_UNDECLARED_SELECTOR = YES;
				GCC_WARN_UNINITIALIZED_AUTOS = YES_AGGRESSIVE;
				GCC_WARN_UNUSED_FUNCTION = YES;
				GCC_WARN_UNUSED_VARIABLE = YES;
				IPHONEOS_DEPLOYMENT_TARGET = 10.2;
				MTL_ENABLE_DEBUG_INFO = NO;
				SDKROOT = iphoneos;
				TARGETED_DEVICE_FAMILY = "1,2";
				VALIDATE_PRODUCT = YES;
			};
			name = Release;
		};
		4DFE06B41E82D03C00E853AB /* Debug */ = {
			isa = XCBuildConfiguration;
			buildSettings = {
				ASSETCATALOG_COMPILER_APPICON_NAME = AppIcon;
				INFOPLIST_FILE = "约束相关/Info.plist";
				LD_RUNPATH_SEARCH_PATHS = "$(inherited) @executable_path/Frameworks";
				PRODUCT_BUNDLE_IDENTIFIER = "www.ctrip.cpm.----";
				PRODUCT_NAME = "$(TARGET_NAME)";
			};
			name = Debug;
		};
		4DFE06B51E82D03C00E853AB /* Release */ = {
			isa = XCBuildConfiguration;
			buildSettings = {
				ASSETCATALOG_COMPILER_APPICON_NAME = AppIcon;
				INFOPLIST_FILE = "约束相关/Info.plist";
				LD_RUNPATH_SEARCH_PATHS = "$(inherited) @executable_path/Frameworks";
				PRODUCT_BUNDLE_IDENTIFIER = "www.ctrip.cpm.----";
				PRODUCT_NAME = "$(TARGET_NAME)";
			};
			name = Release;
		};
		4DFE06B71E82D03C00E853AB /* Debug */ = {
			isa = XCBuildConfiguration;
			buildSettings = {
				BUNDLE_LOADER = "$(TEST_HOST)";
				INFOPLIST_FILE = "约束相关Tests/Info.plist";
				LD_RUNPATH_SEARCH_PATHS = "$(inherited) @executable_path/Frameworks @loader_path/Frameworks";
				PRODUCT_BUNDLE_IDENTIFIER = "www.ctrip.cpm.----Tests";
				PRODUCT_NAME = "$(TARGET_NAME)";
				TEST_HOST = "$(BUILT_PRODUCTS_DIR)/约束相关.app/约束相关";
			};
			name = Debug;
		};
		4DFE06B81E82D03C00E853AB /* Release */ = {
			isa = XCBuildConfiguration;
			buildSettings = {
				BUNDLE_LOADER = "$(TEST_HOST)";
				INFOPLIST_FILE = "约束相关Tests/Info.plist";
				LD_RUNPATH_SEARCH_PATHS = "$(inherited) @executable_path/Frameworks @loader_path/Frameworks";
				PRODUCT_BUNDLE_IDENTIFIER = "www.ctrip.cpm.----Tests";
				PRODUCT_NAME = "$(TARGET_NAME)";
				TEST_HOST = "$(BUILT_PRODUCTS_DIR)/约束相关.app/约束相关";
			};
			name = Release;
		};
		4DFE06BA1E82D03C00E853AB /* Debug */ = {
			isa = XCBuildConfiguration;
			buildSettings = {
				INFOPLIST_FILE = "约束相关UITests/Info.plist";
				LD_RUNPATH_SEARCH_PATHS = "$(inherited) @executable_path/Frameworks @loader_path/Frameworks";
				PRODUCT_BUNDLE_IDENTIFIER = "www.ctrip.cpm.----UITests";
				PRODUCT_NAME = "$(TARGET_NAME)";
				TEST_TARGET_NAME = "约束相关";
			};
			name = Debug;
		};
		4DFE06BB1E82D03C00E853AB /* Release */ = {
			isa = XCBuildConfiguration;
			buildSettings = {
				INFOPLIST_FILE = "约束相关UITests/Info.plist";
				LD_RUNPATH_SEARCH_PATHS = "$(inherited) @executable_path/Frameworks @loader_path/Frameworks";
				PRODUCT_BUNDLE_IDENTIFIER = "www.ctrip.cpm.----UITests";
				PRODUCT_NAME = "$(TARGET_NAME)";
				TEST_TARGET_NAME = "约束相关";
			};
			name = Release;
		};
/* End XCBuildConfiguration section */

/* Begin XCConfigurationList section */
		4DFE06811E82D03B00E853AB /* Build configuration list for PBXProject "约束相关" */ = {
			isa = XCConfigurationList;
			buildConfigurations = (
				4DFE06B11E82D03C00E853AB /* Debug */,
				4DFE06B21E82D03C00E853AB /* Release */,
			);
			defaultConfigurationIsVisible = 0;
			defaultConfigurationName = Release;
		};
		4DFE06B31E82D03C00E853AB /* Build configuration list for PBXNativeTarget "约束相关" */ = {
			isa = XCConfigurationList;
			buildConfigurations = (
				4DFE06B41E82D03C00E853AB /* Debug */,
				4DFE06B51E82D03C00E853AB /* Release */,
			);
			defaultConfigurationIsVisible = 0;
		};
		4DFE06B61E82D03C00E853AB /* Build configuration list for PBXNativeTarget "约束相关Tests" */ = {
			isa = XCConfigurationList;
			buildConfigurations = (
				4DFE06B71E82D03C00E853AB /* Debug */,
				4DFE06B81E82D03C00E853AB /* Release */,
			);
			defaultConfigurationIsVisible = 0;
		};
		4DFE06B91E82D03C00E853AB /* Build configuration list for PBXNativeTarget "约束相关UITests" */ = {
			isa = XCConfigurationList;
			buildConfigurations = (
				4DFE06BA1E82D03C00E853AB /* Debug */,
				4DFE06BB1E82D03C00E853AB /* Release */,
			);
			defaultConfigurationIsVisible = 0;
		};
/* End XCConfigurationList section */
	};
	rootObject = 4DFE067E1E82D03B00E853AB /* Project object */;
}
