// !$*UTF8*$!
{
	archiveVersion = 1;
	classes = {
	};
	objectVersion = 46;
	objects = {

/* Begin PBXBuildFile section */
		4D070EB21BE5AE8C0051557A /* main.m in Sources */ = {isa = PBXBuildFile; fileRef = 4D070EB11BE5AE8C0051557A /* main.m */; };
		4D070EB51BE5AE8C0051557A /* AppDelegate.m in Sources */ = {isa = PBXBuildFile; fileRef = 4D070EB41BE5AE8C0051557A /* AppDelegate.m */; };
		4D070EB81BE5AE8C0051557A /* ViewController.m in Sources */ = {isa = PBXBuildFile; fileRef = 4D070EB71BE5AE8C0051557A /* ViewController.m */; };
		4D070EBB1BE5AE8C0051557A /* Main.storyboard in Resources */ = {isa = PBXBuildFile; fileRef = 4D070EB91BE5AE8C0051557A /* Main.storyboard */; };
		4D070EBD1BE5AE8C0051557A /* Assets.xcassets in Resources */ = {isa = PBXBuildFile; fileRef = 4D070EBC1BE5AE8C0051557A /* Assets.xcassets */; };
		4D070EC01BE5AE8C0051557A /* LaunchScreen.storyboard in Resources */ = {isa = PBXBuildFile; fileRef = 4D070EBE1BE5AE8C0051557A /* LaunchScreen.storyboard */; };
		4D070ECB1BE5AE8C0051557A /* SizeClass__AutoLayout__2Tests.m in Sources */ = {isa = PBXBuildFile; fileRef = 4D070ECA1BE5AE8C0051557A /* SizeClass__AutoLayout__2Tests.m */; };
		4D070ED61BE5AE8C0051557A /* SizeClass__AutoLayout__2UITests.m in Sources */ = {isa = PBXBuildFile; fileRef = 4D070ED51BE5AE8C0051557A /* SizeClass__AutoLayout__2UITests.m */; };
/* End PBXBuildFile section */

/* Begin PBXContainerItemProxy section */
		4D070EC71BE5AE8C0051557A /* PBXContainerItemProxy */ = {
			isa = PBXContainerItemProxy;
			containerPortal = 4D070EA51BE5AE8C0051557A /* Project object */;
			proxyType = 1;
			remoteGlobalIDString = 4D070EAC1BE5AE8C0051557A;
			remoteInfo = "SizeClass 和AutoLayout教程2";
		};
		4D070ED21BE5AE8C0051557A /* PBXContainerItemProxy */ = {
			isa = PBXContainerItemProxy;
			containerPortal = 4D070EA51BE5AE8C0051557A /* Project object */;
			proxyType = 1;
			remoteGlobalIDString = 4D070EAC1BE5AE8C0051557A;
			remoteInfo = "SizeClass 和AutoLayout教程2";
		};
/* End PBXContainerItemProxy section */

/* Begin PBXFileReference section */
		4D070EAD1BE5AE8C0051557A /* SizeClass 和AutoLayout教程2.app */ = {isa = PBXFileReference; explicitFileType = wrapper.application; includeInIndex = 0; path = "SizeClass 和AutoLayout教程2.app"; sourceTree = BUILT_PRODUCTS_DIR; };
		4D070EB11BE5AE8C0051557A /* main.m */ = {isa = PBXFileReference; lastKnownFileType = sourcecode.c.objc; path = main.m; sourceTree = "<group>"; };
		4D070EB31BE5AE8C0051557A /* AppDelegate.h */ = {isa = PBXFileReference; lastKnownFileType = sourcecode.c.h; path = AppDelegate.h; sourceTree = "<group>"; };
		4D070EB41BE5AE8C0051557A /* AppDelegate.m */ = {isa = PBXFileReference; lastKnownFileType = sourcecode.c.objc; path = AppDelegate.m; sourceTree = "<group>"; };
		4D070EB61BE5AE8C0051557A /* ViewController.h */ = {isa = PBXFileReference; lastKnownFileType = sourcecode.c.h; path = ViewController.h; sourceTree = "<group>"; };
		4D070EB71BE5AE8C0051557A /* ViewController.m */ = {isa = PBXFileReference; lastKnownFileType = sourcecode.c.objc; path = ViewController.m; sourceTree = "<group>"; };
		4D070EBA1BE5AE8C0051557A /* Base */ = {isa = PBXFileReference; lastKnownFileType = file.storyboard; name = Base; path = Base.lproj/Main.storyboard; sourceTree = "<group>"; };
		4D070EBC1BE5AE8C0051557A /* Assets.xcassets */ = {isa = PBXFileReference; lastKnownFileType = folder.assetcatalog; path = Assets.xcassets; sourceTree = "<group>"; };
		4D070EBF1BE5AE8C0051557A /* Base */ = {isa = PBXFileReference; lastKnownFileType = file.storyboard; name = Base; path = Base.lproj/LaunchScreen.storyboard; sourceTree = "<group>"; };
		4D070EC11BE5AE8C0051557A /* Info.plist */ = {isa = PBXFileReference; lastKnownFileType = text.plist.xml; path = Info.plist; sourceTree = "<group>"; };
		4D070EC61BE5AE8C0051557A /* SizeClass 和AutoLayout教程2Tests.xctest */ = {isa = PBXFileReference; explicitFileType = wrapper.cfbundle; includeInIndex = 0; path = "SizeClass 和AutoLayout教程2Tests.xctest"; sourceTree = BUILT_PRODUCTS_DIR; };
		4D070ECA1BE5AE8C0051557A /* SizeClass__AutoLayout__2Tests.m */ = {isa = PBXFileReference; lastKnownFileType = sourcecode.c.objc; path = SizeClass__AutoLayout__2Tests.m; sourceTree = "<group>"; };
		4D070ECC1BE5AE8C0051557A /* Info.plist */ = {isa = PBXFileReference; lastKnownFileType = text.plist.xml; path = Info.plist; sourceTree = "<group>"; };
		4D070ED11BE5AE8C0051557A /* SizeClass 和AutoLayout教程2UITests.xctest */ = {isa = PBXFileReference; explicitFileType = wrapper.cfbundle; includeInIndex = 0; path = "SizeClass 和AutoLayout教程2UITests.xctest"; sourceTree = BUILT_PRODUCTS_DIR; };
		4D070ED51BE5AE8C0051557A /* SizeClass__AutoLayout__2UITests.m */ = {isa = PBXFileReference; lastKnownFileType = sourcecode.c.objc; path = SizeClass__AutoLayout__2UITests.m; sourceTree = "<group>"; };
		4D070ED71BE5AE8C0051557A /* Info.plist */ = {isa = PBXFileReference; lastKnownFileType = text.plist.xml; path = Info.plist; sourceTree = "<group>"; };
/* End PBXFileReference section */

/* Begin PBXFrameworksBuildPhase section */
		4D070EAA1BE5AE8C0051557A /* Frameworks */ = {
			isa = PBXFrameworksBuildPhase;
			buildActionMask = 2147483647;
			files = (
			);
			runOnlyForDeploymentPostprocessing = 0;
		};
		4D070EC31BE5AE8C0051557A /* Frameworks */ = {
			isa = PBXFrameworksBuildPhase;
			buildActionMask = 2147483647;
			files = (
			);
			runOnlyForDeploymentPostprocessing = 0;
		};
		4D070ECE1BE5AE8C0051557A /* Frameworks */ = {
			isa = PBXFrameworksBuildPhase;
			buildActionMask = 2147483647;
			files = (
			);
			runOnlyForDeploymentPostprocessing = 0;
		};
/* End PBXFrameworksBuildPhase section */

/* Begin PBXGroup section */
		4D070EA41BE5AE8C0051557A = {
			isa = PBXGroup;
			children = (
				4D070EAF1BE5AE8C0051557A /* SizeClass 和AutoLayout教程2 */,
				4D070EC91BE5AE8C0051557A /* SizeClass 和AutoLayout教程2Tests */,
				4D070ED41BE5AE8C0051557A /* SizeClass 和AutoLayout教程2UITests */,
				4D070EAE1BE5AE8C0051557A /* Products */,
			);
			sourceTree = "<group>";
		};
		4D070EAE1BE5AE8C0051557A /* Products */ = {
			isa = PBXGroup;
			children = (
				4D070EAD1BE5AE8C0051557A /* SizeClass 和AutoLayout教程2.app */,
				4D070EC61BE5AE8C0051557A /* SizeClass 和AutoLayout教程2Tests.xctest */,
				4D070ED11BE5AE8C0051557A /* SizeClass 和AutoLayout教程2UITests.xctest */,
			);
			name = Products;
			sourceTree = "<group>";
		};
		4D070EAF1BE5AE8C0051557A /* SizeClass 和AutoLayout教程2 */ = {
			isa = PBXGroup;
			children = (
				4D070EB31BE5AE8C0051557A /* AppDelegate.h */,
				4D070EB41BE5AE8C0051557A /* AppDelegate.m */,
				4D070EB61BE5AE8C0051557A /* ViewController.h */,
				4D070EB71BE5AE8C0051557A /* ViewController.m */,
				4D070EB91BE5AE8C0051557A /* Main.storyboard */,
				4D070EBC1BE5AE8C0051557A /* Assets.xcassets */,
				4D070EBE1BE5AE8C0051557A /* LaunchScreen.storyboard */,
				4D070EC11BE5AE8C0051557A /* Info.plist */,
				4D070EB01BE5AE8C0051557A /* Supporting Files */,
			);
			path = "SizeClass 和AutoLayout教程2";
			sourceTree = "<group>";
		};
		4D070EB01BE5AE8C0051557A /* Supporting Files */ = {
			isa = PBXGroup;
			children = (
				4D070EB11BE5AE8C0051557A /* main.m */,
			);
			name = "Supporting Files";
			sourceTree = "<group>";
		};
		4D070EC91BE5AE8C0051557A /* SizeClass 和AutoLayout教程2Tests */ = {
			isa = PBXGroup;
			children = (
				4D070ECA1BE5AE8C0051557A /* SizeClass__AutoLayout__2Tests.m */,
				4D070ECC1BE5AE8C0051557A /* Info.plist */,
			);
			path = "SizeClass 和AutoLayout教程2Tests";
			sourceTree = "<group>";
		};
		4D070ED41BE5AE8C0051557A /* SizeClass 和AutoLayout教程2UITests */ = {
			isa = PBXGroup;
			children = (
				4D070ED51BE5AE8C0051557A /* SizeClass__AutoLayout__2UITests.m */,
				4D070ED71BE5AE8C0051557A /* Info.plist */,
			);
			path = "SizeClass 和AutoLayout教程2UITests";
			sourceTree = "<group>";
		};
/* End PBXGroup section */

/* Begin PBXNativeTarget section */
		4D070EAC1BE5AE8C0051557A /* SizeClass 和AutoLayout教程2 */ = {
			isa = PBXNativeTarget;
			buildConfigurationList = 4D070EDA1BE5AE8C0051557A /* Build configuration list for PBXNativeTarget "SizeClass 和AutoLayout教程2" */;
			buildPhases = (
				4D070EA91BE5AE8C0051557A /* Sources */,
				4D070EAA1BE5AE8C0051557A /* Frameworks */,
				4D070EAB1BE5AE8C0051557A /* Resources */,
			);
			buildRules = (
			);
			dependencies = (
			);
			name = "SizeClass 和AutoLayout教程2";
			productName = "SizeClass 和AutoLayout教程2";
			productReference = 4D070EAD1BE5AE8C0051557A /* SizeClass 和AutoLayout教程2.app */;
			productType = "com.apple.product-type.application";
		};
		4D070EC51BE5AE8C0051557A /* SizeClass 和AutoLayout教程2Tests */ = {
			isa = PBXNativeTarget;
			buildConfigurationList = 4D070EDD1BE5AE8C0051557A /* Build configuration list for PBXNativeTarget "SizeClass 和AutoLayout教程2Tests" */;
			buildPhases = (
				4D070EC21BE5AE8C0051557A /* Sources */,
				4D070EC31BE5AE8C0051557A /* Frameworks */,
				4D070EC41BE5AE8C0051557A /* Resources */,
			);
			buildRules = (
			);
			dependencies = (
				4D070EC81BE5AE8C0051557A /* PBXTargetDependency */,
			);
			name = "SizeClass 和AutoLayout教程2Tests";
			productName = "SizeClass 和AutoLayout教程2Tests";
			productReference = 4D070EC61BE5AE8C0051557A /* SizeClass 和AutoLayout教程2Tests.xctest */;
			productType = "com.apple.product-type.bundle.unit-test";
		};
		4D070ED01BE5AE8C0051557A /* SizeClass 和AutoLayout教程2UITests */ = {
			isa = PBXNativeTarget;
			buildConfigurationList = 4D070EE01BE5AE8C0051557A /* Build configuration list for PBXNativeTarget "SizeClass 和AutoLayout教程2UITests" */;
			buildPhases = (
				4D070ECD1BE5AE8C0051557A /* Sources */,
				4D070ECE1BE5AE8C0051557A /* Frameworks */,
				4D070ECF1BE5AE8C0051557A /* Resources */,
			);
			buildRules = (
			);
			dependencies = (
				4D070ED31BE5AE8C0051557A /* PBXTargetDependency */,
			);
			name = "SizeClass 和AutoLayout教程2UITests";
			productName = "SizeClass 和AutoLayout教程2UITests";
			productReference = 4D070ED11BE5AE8C0051557A /* SizeClass 和AutoLayout教程2UITests.xctest */;
			productType = "com.apple.product-type.bundle.ui-testing";
		};
/* End PBXNativeTarget section */

/* Begin PBXProject section */
		4D070EA51BE5AE8C0051557A /* Project object */ = {
			isa = PBXProject;
			attributes = {
				LastUpgradeCheck = 0700;
				ORGANIZATIONNAME = "黄成都";
				TargetAttributes = {
					4D070EAC1BE5AE8C0051557A = {
						CreatedOnToolsVersion = 7.0.1;
					};
					4D070EC51BE5AE8C0051557A = {
						CreatedOnToolsVersion = 7.0.1;
						TestTargetID = 4D070EAC1BE5AE8C0051557A;
					};
					4D070ED01BE5AE8C0051557A = {
						CreatedOnToolsVersion = 7.0.1;
						TestTargetID = 4D070EAC1BE5AE8C0051557A;
					};
				};
			};
			buildConfigurationList = 4D070EA81BE5AE8C0051557A /* Build configuration list for PBXProject "SizeClass 和AutoLayout教程2" */;
			compatibilityVersion = "Xcode 3.2";
			developmentRegion = English;
			hasScannedForEncodings = 0;
			knownRegions = (
				en,
				Base,
			);
			mainGroup = 4D070EA41BE5AE8C0051557A;
			productRefGroup = 4D070EAE1BE5AE8C0051557A /* Products */;
			projectDirPath = "";
			projectRoot = "";
			targets = (
				4D070EAC1BE5AE8C0051557A /* SizeClass 和AutoLayout教程2 */,
				4D070EC51BE5AE8C0051557A /* SizeClass 和AutoLayout教程2Tests */,
				4D070ED01BE5AE8C0051557A /* SizeClass 和AutoLayout教程2UITests */,
			);
		};
/* End PBXProject section */

/* Begin PBXResourcesBuildPhase section */
		4D070EAB1BE5AE8C0051557A /* Resources */ = {
			isa = PBXResourcesBuildPhase;
			buildActionMask = 2147483647;
			files = (
				4D070EC01BE5AE8C0051557A /* LaunchScreen.storyboard in Resources */,
				4D070EBD1BE5AE8C0051557A /* Assets.xcassets in Resources */,
				4D070EBB1BE5AE8C0051557A /* Main.storyboard in Resources */,
			);
			runOnlyForDeploymentPostprocessing = 0;
		};
		4D070EC41BE5AE8C0051557A /* Resources */ = {
			isa = PBXResourcesBuildPhase;
			buildActionMask = 2147483647;
			files = (
			);
			runOnlyForDeploymentPostprocessing = 0;
		};
		4D070ECF1BE5AE8C0051557A /* Resources */ = {
			isa = PBXResourcesBuildPhase;
			buildActionMask = 2147483647;
			files = (
			);
			runOnlyForDeploymentPostprocessing = 0;
		};
/* End PBXResourcesBuildPhase section */

/* Begin PBXSourcesBuildPhase section */
		4D070EA91BE5AE8C0051557A /* Sources */ = {
			isa = PBXSourcesBuildPhase;
			buildActionMask = 2147483647;
			files = (
				4D070EB81BE5AE8C0051557A /* ViewController.m in Sources */,
				4D070EB51BE5AE8C0051557A /* AppDelegate.m in Sources */,
				4D070EB21BE5AE8C0051557A /* main.m in Sources */,
			);
			runOnlyForDeploymentPostprocessing = 0;
		};
		4D070EC21BE5AE8C0051557A /* Sources */ = {
			isa = PBXSourcesBuildPhase;
			buildActionMask = 2147483647;
			files = (
				4D070ECB1BE5AE8C0051557A /* SizeClass__AutoLayout__2Tests.m in Sources */,
			);
			runOnlyForDeploymentPostprocessing = 0;
		};
		4D070ECD1BE5AE8C0051557A /* Sources */ = {
			isa = PBXSourcesBuildPhase;
			buildActionMask = 2147483647;
			files = (
				4D070ED61BE5AE8C0051557A /* SizeClass__AutoLayout__2UITests.m in Sources */,
			);
			runOnlyForDeploymentPostprocessing = 0;
		};
/* End PBXSourcesBuildPhase section */

/* Begin PBXTargetDependency section */
		4D070EC81BE5AE8C0051557A /* PBXTargetDependency */ = {
			isa = PBXTargetDependency;
			target = 4D070EAC1BE5AE8C0051557A /* SizeClass 和AutoLayout教程2 */;
			targetProxy = 4D070EC71BE5AE8C0051557A /* PBXContainerItemProxy */;
		};
		4D070ED31BE5AE8C0051557A /* PBXTargetDependency */ = {
			isa = PBXTargetDependency;
			target = 4D070EAC1BE5AE8C0051557A /* SizeClass 和AutoLayout教程2 */;
			targetProxy = 4D070ED21BE5AE8C0051557A /* PBXContainerItemProxy */;
		};
/* End PBXTargetDependency section */

/* Begin PBXVariantGroup section */
		4D070EB91BE5AE8C0051557A /* Main.storyboard */ = {
			isa = PBXVariantGroup;
			children = (
				4D070EBA1BE5AE8C0051557A /* Base */,
			);
			name = Main.storyboard;
			sourceTree = "<group>";
		};
		4D070EBE1BE5AE8C0051557A /* LaunchScreen.storyboard */ = {
			isa = PBXVariantGroup;
			children = (
				4D070EBF1BE5AE8C0051557A /* Base */,
			);
			name = LaunchScreen.storyboard;
			sourceTree = "<group>";
		};
/* End PBXVariantGroup section */

/* Begin XCBuildConfiguration section */
		4D070ED81BE5AE8C0051557A /* Debug */ = {
			isa = XCBuildConfiguration;
			buildSettings = {
				ALWAYS_SEARCH_USER_PATHS = NO;
				CLANG_CXX_LANGUAGE_STANDARD = "gnu++0x";
				CLANG_CXX_LIBRARY = "libc++";
				CLANG_ENABLE_MODULES = YES;
				CLANG_ENABLE_OBJC_ARC = YES;
				CLANG_WARN_BOOL_CONVERSION = YES;
				CLANG_WARN_CONSTANT_CONVERSION = YES;
				CLANG_WARN_DIRECT_OBJC_ISA_USAGE = YES_ERROR;
				CLANG_WARN_EMPTY_BODY = YES;
				CLANG_WARN_ENUM_CONVERSION = YES;
				CLANG_WARN_INT_CONVERSION = YES;
				CLANG_WARN_OBJC_ROOT_CLASS = YES_ERROR;
				CLANG_WARN_UNREACHABLE_CODE = YES;
				CLANG_WARN__DUPLICATE_METHOD_MATCH = YES;
				"CODE_SIGN_IDENTITY[sdk=iphoneos*]" = "iPhone Developer";
				COPY_PHASE_STRIP = NO;
				DEBUG_INFORMATION_FORMAT = dwarf;
				ENABLE_STRICT_OBJC_MSGSEND = YES;
				ENABLE_TESTABILITY = YES;
				GCC_C_LANGUAGE_STANDARD = gnu99;
				GCC_DYNAMIC_NO_PIC = NO;
				GCC_NO_COMMON_BLOCKS = YES;
				GCC_OPTIMIZATION_LEVEL = 0;
				GCC_PREPROCESSOR_DEFINITIONS = (
					"DEBUG=1",
					"$(inherited)",
				);
				GCC_WARN_64_TO_32_BIT_CONVERSION = YES;
				GCC_WARN_ABOUT_RETURN_TYPE = YES_ERROR;
				GCC_WARN_UNDECLARED_SELECTOR = YES;
				GCC_WARN_UNINITIALIZED_AUTOS = YES_AGGRESSIVE;
				GCC_WARN_UNUSED_FUNCTION = YES;
				GCC_WARN_UNUSED_VARIABLE = YES;
				IPHONEOS_DEPLOYMENT_TARGET = 9.0;
				MTL_ENABLE_DEBUG_INFO = YES;
				ONLY_ACTIVE_ARCH = YES;
				SDKROOT = iphoneos;
				TARGETED_DEVICE_FAMILY = "1,2";
			};
			name = Debug;
		};
		4D070ED91BE5AE8C0051557A /* Release */ = {
			isa = XCBuildConfiguration;
			buildSettings = {
				ALWAYS_SEARCH_USER_PATHS = NO;
				CLANG_CXX_LANGUAGE_STANDARD = "gnu++0x";
				CLANG_CXX_LIBRARY = "libc++";
				CLANG_ENABLE_MODULES = YES;
				CLANG_ENABLE_OBJC_ARC = YES;
				CLANG_WARN_BOOL_CONVERSION = YES;
				CLANG_WARN_CONSTANT_CONVERSION = YES;
				CLANG_WARN_DIRECT_OBJC_ISA_USAGE = YES_ERROR;
				CLANG_WARN_EMPTY_BODY = YES;
				CLANG_WARN_ENUM_CONVERSION = YES;
				CLANG_WARN_INT_CONVERSION = YES;
				CLANG_WARN_OBJC_ROOT_CLASS = YES_ERROR;
				CLANG_WARN_UNREACHABLE_CODE = YES;
				CLANG_WARN__DUPLICATE_METHOD_MATCH = YES;
				"CODE_SIGN_IDENTITY[sdk=iphoneos*]" = "iPhone Developer";
				COPY_PHASE_STRIP = NO;
				DEBUG_INFORMATION_FORMAT = "dwarf-with-dsym";
				ENABLE_NS_ASSERTIONS = NO;
				ENABLE_STRICT_OBJC_MSGSEND = YES;
				GCC_C_LANGUAGE_STANDARD = gnu99;
				GCC_NO_COMMON_BLOCKS = YES;
				GCC_WARN_64_TO_32_BIT_CONVERSION = YES;
				GCC_WARN_ABOUT_RETURN_TYPE = YES_ERROR;
				GCC_WARN_UNDECLARED_SELECTOR = YES;
				GCC_WARN_UNINITIALIZED_AUTOS = YES_AGGRESSIVE;
				GCC_WARN_UNUSED_FUNCTION = YES;
				GCC_WARN_UNUSED_VARIABLE = YES;
				IPHONEOS_DEPLOYMENT_TARGET = 9.0;
				MTL_ENABLE_DEBUG_INFO = NO;
				SDKROOT = iphoneos;
				TARGETED_DEVICE_FAMILY = "1,2";
				VALIDATE_PRODUCT = YES;
			};
			name = Release;
		};
		4D070EDB1BE5AE8C0051557A /* Debug */ = {
			isa = XCBuildConfiguration;
			buildSettings = {
				ASSETCATALOG_COMPILER_APPICON_NAME = AppIcon;
				INFOPLIST_FILE = "SizeClass 和AutoLayout教程2/Info.plist";
				LD_RUNPATH_SEARCH_PATHS = "$(inherited) @executable_path/Frameworks";
				PRODUCT_BUNDLE_IDENTIFIER = "---.SizeClass--AutoLayout--2";
				PRODUCT_NAME = "$(TARGET_NAME)";
			};
			name = Debug;
		};
		4D070EDC1BE5AE8C0051557A /* Release */ = {
			isa = XCBuildConfiguration;
			buildSettings = {
				ASSETCATALOG_COMPILER_APPICON_NAME = AppIcon;
				INFOPLIST_FILE = "SizeClass 和AutoLayout教程2/Info.plist";
				LD_RUNPATH_SEARCH_PATHS = "$(inherited) @executable_path/Frameworks";
				PRODUCT_BUNDLE_IDENTIFIER = "---.SizeClass--AutoLayout--2";
				PRODUCT_NAME = "$(TARGET_NAME)";
			};
			name = Release;
		};
		4D070EDE1BE5AE8C0051557A /* Debug */ = {
			isa = XCBuildConfiguration;
			buildSettings = {
				BUNDLE_LOADER = "$(TEST_HOST)";
				INFOPLIST_FILE = "SizeClass 和AutoLayout教程2Tests/Info.plist";
				LD_RUNPATH_SEARCH_PATHS = "$(inherited) @executable_path/Frameworks @loader_path/Frameworks";
				PRODUCT_BUNDLE_IDENTIFIER = "---.SizeClass--AutoLayout--2Tests";
				PRODUCT_NAME = "$(TARGET_NAME)";
				TEST_HOST = "$(BUILT_PRODUCTS_DIR)/SizeClass 和AutoLayout教程2.app/SizeClass 和AutoLayout教程2";
			};
			name = Debug;
		};
		4D070EDF1BE5AE8C0051557A /* Release */ = {
			isa = XCBuildConfiguration;
			buildSettings = {
				BUNDLE_LOADER = "$(TEST_HOST)";
				INFOPLIST_FILE = "SizeClass 和AutoLayout教程2Tests/Info.plist";
				LD_RUNPATH_SEARCH_PATHS = "$(inherited) @executable_path/Frameworks @loader_path/Frameworks";
				PRODUCT_BUNDLE_IDENTIFIER = "---.SizeClass--AutoLayout--2Tests";
				PRODUCT_NAME = "$(TARGET_NAME)";
				TEST_HOST = "$(BUILT_PRODUCTS_DIR)/SizeClass 和AutoLayout教程2.app/SizeClass 和AutoLayout教程2";
			};
			name = Release;
		};
		4D070EE11BE5AE8C0051557A /* Debug */ = {
			isa = XCBuildConfiguration;
			buildSettings = {
				INFOPLIST_FILE = "SizeClass 和AutoLayout教程2UITests/Info.plist";
				LD_RUNPATH_SEARCH_PATHS = "$(inherited) @executable_path/Frameworks @loader_path/Frameworks";
				PRODUCT_BUNDLE_IDENTIFIER = "---.SizeClass--AutoLayout--2UITests";
				PRODUCT_NAME = "$(TARGET_NAME)";
				TEST_TARGET_NAME = "SizeClass 和AutoLayout教程2";
				USES_XCTRUNNER = YES;
			};
			name = Debug;
		};
		4D070EE21BE5AE8C0051557A /* Release */ = {
			isa = XCBuildConfiguration;
			buildSettings = {
				INFOPLIST_FILE = "SizeClass 和AutoLayout教程2UITests/Info.plist";
				LD_RUNPATH_SEARCH_PATHS = "$(inherited) @executable_path/Frameworks @loader_path/Frameworks";
				PRODUCT_BUNDLE_IDENTIFIER = "---.SizeClass--AutoLayout--2UITests";
				PRODUCT_NAME = "$(TARGET_NAME)";
				TEST_TARGET_NAME = "SizeClass 和AutoLayout教程2";
				USES_XCTRUNNER = YES;
			};
			name = Release;
		};
/* End XCBuildConfiguration section */

/* Begin XCConfigurationList section */
		4D070EA81BE5AE8C0051557A /* Build configuration list for PBXProject "SizeClass 和AutoLayout教程2" */ = {
			isa = XCConfigurationList;
			buildConfigurations = (
				4D070ED81BE5AE8C0051557A /* Debug */,
				4D070ED91BE5AE8C0051557A /* Release */,
			);
			defaultConfigurationIsVisible = 0;
			defaultConfigurationName = Release;
		};
		4D070EDA1BE5AE8C0051557A /* Build configuration list for PBXNativeTarget "SizeClass 和AutoLayout教程2" */ = {
			isa = XCConfigurationList;
			buildConfigurations = (
				4D070EDB1BE5AE8C0051557A /* Debug */,
				4D070EDC1BE5AE8C0051557A /* Release */,
			);
			defaultConfigurationIsVisible = 0;
		};
		4D070EDD1BE5AE8C0051557A /* Build configuration list for PBXNativeTarget "SizeClass 和AutoLayout教程2Tests" */ = {
			isa = XCConfigurationList;
			buildConfigurations = (
				4D070EDE1BE5AE8C0051557A /* Debug */,
				4D070EDF1BE5AE8C0051557A /* Release */,
			);
			defaultConfigurationIsVisible = 0;
		};
		4D070EE01BE5AE8C0051557A /* Build configuration list for PBXNativeTarget "SizeClass 和AutoLayout教程2UITests" */ = {
			isa = XCConfigurationList;
			buildConfigurations = (
				4D070EE11BE5AE8C0051557A /* Debug */,
				4D070EE21BE5AE8C0051557A /* Release */,
			);
			defaultConfigurationIsVisible = 0;
		};
/* End XCConfigurationList section */
	};
	rootObject = 4D070EA51BE5AE8C0051557A /* Project object */;
}
